// !$*UTF8*$!
{
	archiveVersion = 1;
	classes = {
	};
	objectVersion = 56;
	objects = {

/* Begin PBXBuildFile section */
		18904CC329C1C2DB0072F27D /* LocationManager.swift in Sources */ = {isa = PBXBuildFile; fileRef = 18904CC229C1C2DB0072F27D /* LocationManager.swift */; };
		18B3474729B9FEDF001EC17F /* AppDelegate.swift in Sources */ = {isa = PBXBuildFile; fileRef = 18B3474629B9FEDF001EC17F /* AppDelegate.swift */; };
		18B3474B29B9FEDF001EC17F /* ViewController.swift in Sources */ = {isa = PBXBuildFile; fileRef = 18B3474A29B9FEDF001EC17F /* ViewController.swift */; };
		18B3474E29B9FEDF001EC17F /* Main.storyboard in Resources */ = {isa = PBXBuildFile; fileRef = 18B3474C29B9FEDF001EC17F /* Main.storyboard */; };
		18B3475029B9FEE3001EC17F /* Assets.xcassets in Resources */ = {isa = PBXBuildFile; fileRef = 18B3474F29B9FEE3001EC17F /* Assets.xcassets */; };
		18B3475329B9FEE3001EC17F /* LaunchScreen.storyboard in Resources */ = {isa = PBXBuildFile; fileRef = 18B3475129B9FEE3001EC17F /* LaunchScreen.storyboard */; };
		18B3D3E529BAF18C00CE389B /* MapViewModel.swift in Sources */ = {isa = PBXBuildFile; fileRef = 18B3D3E429BAF18C00CE389B /* MapViewModel.swift */; };
		18B3D3E829BAF1F300CE389B /* GoogleAPIManager.swift in Sources */ = {isa = PBXBuildFile; fileRef = 18B3D3E729BAF1F300CE389B /* GoogleAPIManager.swift */; };
		18D3EFE229BB080300807F5D /* NetworkManager.swift in Sources */ = {isa = PBXBuildFile; fileRef = 18D3EFE129BB080300807F5D /* NetworkManager.swift */; };
		18D3EFE529BB342300807F5D /* Restaurants.swift in Sources */ = {isa = PBXBuildFile; fileRef = 18D3EFE429BB342300807F5D /* Restaurants.swift */; };
		50933FA4C36B20684D8ABE14 /* Pods_GMapsLoc.framework in Frameworks */ = {isa = PBXBuildFile; fileRef = DBC207D2B433E551721223D1 /* Pods_GMapsLoc.framework */; };
/* End PBXBuildFile section */

/* Begin PBXFileReference section */
		18904CC229C1C2DB0072F27D /* LocationManager.swift */ = {isa = PBXFileReference; lastKnownFileType = sourcecode.swift; path = LocationManager.swift; sourceTree = "<group>"; };
		18B3474329B9FEDF001EC17F /* GMapsLoc.app */ = {isa = PBXFileReference; explicitFileType = wrapper.application; includeInIndex = 0; path = GMapsLoc.app; sourceTree = BUILT_PRODUCTS_DIR; };
		18B3474629B9FEDF001EC17F /* AppDelegate.swift */ = {isa = PBXFileReference; lastKnownFileType = sourcecode.swift; path = AppDelegate.swift; sourceTree = "<group>"; };
		18B3474A29B9FEDF001EC17F /* ViewController.swift */ = {isa = PBXFileReference; lastKnownFileType = sourcecode.swift; path = ViewController.swift; sourceTree = "<group>"; };
		18B3474D29B9FEDF001EC17F /* Base */ = {isa = PBXFileReference; lastKnownFileType = file.storyboard; name = Base; path = Base.lproj/Main.storyboard; sourceTree = "<group>"; };
		18B3474F29B9FEE3001EC17F /* Assets.xcassets */ = {isa = PBXFileReference; lastKnownFileType = folder.assetcatalog; path = Assets.xcassets; sourceTree = "<group>"; };
		18B3475229B9FEE3001EC17F /* Base */ = {isa = PBXFileReference; lastKnownFileType = file.storyboard; name = Base; path = Base.lproj/LaunchScreen.storyboard; sourceTree = "<group>"; };
		18B3475429B9FEE3001EC17F /* Info.plist */ = {isa = PBXFileReference; lastKnownFileType = text.plist.xml; path = Info.plist; sourceTree = "<group>"; };
		18B3D3E429BAF18C00CE389B /* MapViewModel.swift */ = {isa = PBXFileReference; lastKnownFileType = sourcecode.swift; path = MapViewModel.swift; sourceTree = "<group>"; };
		18B3D3E729BAF1F300CE389B /* GoogleAPIManager.swift */ = {isa = PBXFileReference; lastKnownFileType = sourcecode.swift; path = GoogleAPIManager.swift; sourceTree = "<group>"; };
		18D3EFE129BB080300807F5D /* NetworkManager.swift */ = {isa = PBXFileReference; lastKnownFileType = sourcecode.swift; path = NetworkManager.swift; sourceTree = "<group>"; };
		18D3EFE429BB342300807F5D /* Restaurants.swift */ = {isa = PBXFileReference; lastKnownFileType = sourcecode.swift; path = Restaurants.swift; sourceTree = "<group>"; };
		32F99B3073BEEBC6F43719A9 /* Pods-GMapsLoc.release.xcconfig */ = {isa = PBXFileReference; includeInIndex = 1; lastKnownFileType = text.xcconfig; name = "Pods-GMapsLoc.release.xcconfig"; path = "Target Support Files/Pods-GMapsLoc/Pods-GMapsLoc.release.xcconfig"; sourceTree = "<group>"; };
		B4D6CB23F3E90A2DDF764A1A /* Pods-GMapsLoc.debug.xcconfig */ = {isa = PBXFileReference; includeInIndex = 1; lastKnownFileType = text.xcconfig; name = "Pods-GMapsLoc.debug.xcconfig"; path = "Target Support Files/Pods-GMapsLoc/Pods-GMapsLoc.debug.xcconfig"; sourceTree = "<group>"; };
		DBC207D2B433E551721223D1 /* Pods_GMapsLoc.framework */ = {isa = PBXFileReference; explicitFileType = wrapper.framework; includeInIndex = 0; path = Pods_GMapsLoc.framework; sourceTree = BUILT_PRODUCTS_DIR; };
/* End PBXFileReference section */

/* Begin PBXFrameworksBuildPhase section */
		18B3474029B9FEDF001EC17F /* Frameworks */ = {
			isa = PBXFrameworksBuildPhase;
			buildActionMask = 2147483647;
			files = (
				50933FA4C36B20684D8ABE14 /* Pods_GMapsLoc.framework in Frameworks */,
			);
			runOnlyForDeploymentPostprocessing = 0;
		};
/* End PBXFrameworksBuildPhase section */

/* Begin PBXGroup section */
		18B3473A29B9FEDF001EC17F = {
			isa = PBXGroup;
			children = (
				18B3474529B9FEDF001EC17F /* GMapsLoc */,
				18B3474429B9FEDF001EC17F /* Products */,
				EFDCED666BED2D6831F811AF /* Pods */,
				E626CB46B48DE8A4FF304EDE /* Frameworks */,
			);
			sourceTree = "<group>";
		};
		18B3474429B9FEDF001EC17F /* Products */ = {
			isa = PBXGroup;
			children = (
				18B3474329B9FEDF001EC17F /* GMapsLoc.app */,
			);
			name = Products;
			sourceTree = "<group>";
		};
		18B3474529B9FEDF001EC17F /* GMapsLoc */ = {
			isa = PBXGroup;
			children = (
				18D3EFE329BB341100807F5D /* Model */,
				18B3D3E629BAF1E200CE389B /* Manager */,
				18B3D3E329BAF17400CE389B /* ViewModel */,
				18B3D3E229BAF16500CE389B /* View */,
				18B3474629B9FEDF001EC17F /* AppDelegate.swift */,
				18B3474C29B9FEDF001EC17F /* Main.storyboard */,
				18B3474F29B9FEE3001EC17F /* Assets.xcassets */,
				18B3475129B9FEE3001EC17F /* LaunchScreen.storyboard */,
				18B3475429B9FEE3001EC17F /* Info.plist */,
			);
			path = GMapsLoc;
			sourceTree = "<group>";
		};
		18B3D3E229BAF16500CE389B /* View */ = {
			isa = PBXGroup;
			children = (
				18B3474A29B9FEDF001EC17F /* ViewController.swift */,
			);
			path = View;
			sourceTree = "<group>";
		};
		18B3D3E329BAF17400CE389B /* ViewModel */ = {
			isa = PBXGroup;
			children = (
				18B3D3E429BAF18C00CE389B /* MapViewModel.swift */,
			);
			path = ViewModel;
			sourceTree = "<group>";
		};
		18B3D3E629BAF1E200CE389B /* Manager */ = {
			isa = PBXGroup;
			children = (
				18B3D3E729BAF1F300CE389B /* GoogleAPIManager.swift */,
				18D3EFE129BB080300807F5D /* NetworkManager.swift */,
				18904CC229C1C2DB0072F27D /* LocationManager.swift */,
			);
			path = Manager;
			sourceTree = "<group>";
		};
		18D3EFE329BB341100807F5D /* Model */ = {
			isa = PBXGroup;
			children = (
				18D3EFE429BB342300807F5D /* Restaurants.swift */,
			);
			path = Model;
			sourceTree = "<group>";
		};
		E626CB46B48DE8A4FF304EDE /* Frameworks */ = {
			isa = PBXGroup;
			children = (
				DBC207D2B433E551721223D1 /* Pods_GMapsLoc.framework */,
			);
			name = Frameworks;
			sourceTree = "<group>";
		};
		EFDCED666BED2D6831F811AF /* Pods */ = {
			isa = PBXGroup;
			children = (
				B4D6CB23F3E90A2DDF764A1A /* Pods-GMapsLoc.debug.xcconfig */,
				32F99B3073BEEBC6F43719A9 /* Pods-GMapsLoc.release.xcconfig */,
			);
			path = Pods;
			sourceTree = "<group>";
		};
/* End PBXGroup section */

/* Begin PBXNativeTarget section */
		18B3474229B9FEDF001EC17F /* GMapsLoc */ = {
			isa = PBXNativeTarget;
			buildConfigurationList = 18B3475729B9FEE3001EC17F /* Build configuration list for PBXNativeTarget "GMapsLoc" */;
			buildPhases = (
				4A4D555E7452ECC4066B047C /* [CP] Check Pods Manifest.lock */,
				18B3473F29B9FEDF001EC17F /* Sources */,
				18B3474029B9FEDF001EC17F /* Frameworks */,
				18B3474129B9FEDF001EC17F /* Resources */,
				9FA01817A02D09F0A5FF3268 /* [CP] Copy Pods Resources */,
			);
			buildRules = (
			);
			dependencies = (
			);
			name = GMapsLoc;
			productName = GMapsLoc;
			productReference = 18B3474329B9FEDF001EC17F /* GMapsLoc.app */;
			productType = "com.apple.product-type.application";
		};
/* End PBXNativeTarget section */

/* Begin PBXProject section */
		18B3473B29B9FEDF001EC17F /* Project object */ = {
			isa = PBXProject;
			attributes = {
				BuildIndependentTargetsInParallel = 1;
				LastSwiftUpdateCheck = 1400;
				LastUpgradeCheck = 1400;
				TargetAttributes = {
					18B3474229B9FEDF001EC17F = {
						CreatedOnToolsVersion = 14.0;
					};
				};
			};
			buildConfigurationList = 18B3473E29B9FEDF001EC17F /* Build configuration list for PBXProject "GMapsLoc" */;
			compatibilityVersion = "Xcode 14.0";
			developmentRegion = en;
			hasScannedForEncodings = 0;
			knownRegions = (
				en,
				Base,
			);
			mainGroup = 18B3473A29B9FEDF001EC17F;
			productRefGroup = 18B3474429B9FEDF001EC17F /* Products */;
			projectDirPath = "";
			projectRoot = "";
			targets = (
				18B3474229B9FEDF001EC17F /* GMapsLoc */,
			);
		};
/* End PBXProject section */

/* Begin PBXResourcesBuildPhase section */
		18B3474129B9FEDF001EC17F /* Resources */ = {
			isa = PBXResourcesBuildPhase;
			buildActionMask = 2147483647;
			files = (
				18B3475329B9FEE3001EC17F /* LaunchScreen.storyboard in Resources */,
				18B3475029B9FEE3001EC17F /* Assets.xcassets in Resources */,
				18B3474E29B9FEDF001EC17F /* Main.storyboard in Resources */,
			);
			runOnlyForDeploymentPostprocessing = 0;
		};
/* End PBXResourcesBuildPhase section */

/* Begin PBXShellScriptBuildPhase section */
		4A4D555E7452ECC4066B047C /* [CP] Check Pods Manifest.lock */ = {
			isa = PBXShellScriptBuildPhase;
			buildActionMask = 2147483647;
			files = (
			);
			inputFileListPaths = (
			);
			inputPaths = (
				"${PODS_PODFILE_DIR_PATH}/Podfile.lock",
				"${PODS_ROOT}/Manifest.lock",
			);
			name = "[CP] Check Pods Manifest.lock";
			outputFileListPaths = (
			);
			outputPaths = (
				"$(DERIVED_FILE_DIR)/Pods-GMapsLoc-checkManifestLockResult.txt",
			);
			runOnlyForDeploymentPostprocessing = 0;
			shellPath = /bin/sh;
			shellScript = "diff \"${PODS_PODFILE_DIR_PATH}/Podfile.lock\" \"${PODS_ROOT}/Manifest.lock\" > /dev/null\nif [ $? != 0 ] ; then\n    # print error to STDERR\n    echo \"error: The sandbox is not in sync with the Podfile.lock. Run 'pod install' or update your CocoaPods installation.\" >&2\n    exit 1\nfi\n# This output is used by Xcode 'outputs' to avoid re-running this script phase.\necho \"SUCCESS\" > \"${SCRIPT_OUTPUT_FILE_0}\"\n";
			showEnvVarsInLog = 0;
		};
		9FA01817A02D09F0A5FF3268 /* [CP] Copy Pods Resources */ = {
			isa = PBXShellScriptBuildPhase;
			buildActionMask = 2147483647;
			files = (
			);
			inputFileListPaths = (
				"${PODS_ROOT}/Target Support Files/Pods-GMapsLoc/Pods-GMapsLoc-resources-${CONFIGURATION}-input-files.xcfilelist",
			);
			name = "[CP] Copy Pods Resources";
			outputFileListPaths = (
				"${PODS_ROOT}/Target Support Files/Pods-GMapsLoc/Pods-GMapsLoc-resources-${CONFIGURATION}-output-files.xcfilelist",
			);
			runOnlyForDeploymentPostprocessing = 0;
			shellPath = /bin/sh;
			shellScript = "\"${PODS_ROOT}/Target Support Files/Pods-GMapsLoc/Pods-GMapsLoc-resources.sh\"\n";
			showEnvVarsInLog = 0;
		};
/* End PBXShellScriptBuildPhase section */

/* Begin PBXSourcesBuildPhase section */
		18B3473F29B9FEDF001EC17F /* Sources */ = {
			isa = PBXSourcesBuildPhase;
			buildActionMask = 2147483647;
			files = (
				18B3474B29B9FEDF001EC17F /* ViewController.swift in Sources */,
				18B3474729B9FEDF001EC17F /* AppDelegate.swift in Sources */,
				18D3EFE229BB080300807F5D /* NetworkManager.swift in Sources */,
				18904CC329C1C2DB0072F27D /* LocationManager.swift in Sources */,
				18B3D3E529BAF18C00CE389B /* MapViewModel.swift in Sources */,
				18D3EFE529BB342300807F5D /* Restaurants.swift in Sources */,
				18B3D3E829BAF1F300CE389B /* GoogleAPIManager.swift in Sources */,
			);
			runOnlyForDeploymentPostprocessing = 0;
		};
/* End PBXSourcesBuildPhase section */

/* Begin PBXVariantGroup section */
		18B3474C29B9FEDF001EC17F /* Main.storyboard */ = {
			isa = PBXVariantGroup;
			children = (
				18B3474D29B9FEDF001EC17F /* Base */,
			);
			name = Main.storyboard;
			sourceTree = "<group>";
		};
		18B3475129B9FEE3001EC17F /* LaunchScreen.storyboard */ = {
			isa = PBXVariantGroup;
			children = (
				18B3475229B9FEE3001EC17F /* Base */,
			);
			name = LaunchScreen.storyboard;
			sourceTree = "<group>";
		};
/* End PBXVariantGroup section */

/* Begin XCBuildConfiguration section */
		18B3475529B9FEE3001EC17F /* Debug */ = {
			isa = XCBuildConfiguration;
			buildSettings = {
				ALWAYS_SEARCH_USER_PATHS = NO;
				CLANG_ANALYZER_NONNULL = YES;
				CLANG_ANALYZER_NUMBER_OBJECT_CONVERSION = YES_AGGRESSIVE;
				CLANG_CXX_LANGUAGE_STANDARD = "gnu++20";
				CLANG_ENABLE_MODULES = YES;
				CLANG_ENABLE_OBJC_ARC = YES;
				CLANG_ENABLE_OBJC_WEAK = YES;
				CLANG_WARN_BLOCK_CAPTURE_AUTORELEASING = YES;
				CLANG_WARN_BOOL_CONVERSION = YES;
				CLANG_WARN_COMMA = YES;
				CLANG_WARN_CONSTANT_CONVERSION = YES;
				CLANG_WARN_DEPRECATED_OBJC_IMPLEMENTATIONS = YES;
				CLANG_WARN_DIRECT_OBJC_ISA_USAGE = YES_ERROR;
				CLANG_WARN_DOCUMENTATION_COMMENTS = YES;
				CLANG_WARN_EMPTY_BODY = YES;
				CLANG_WARN_ENUM_CONVERSION = YES;
				CLANG_WARN_INFINITE_RECURSION = YES;
				CLANG_WARN_INT_CONVERSION = YES;
				CLANG_WARN_NON_LITERAL_NULL_CONVERSION = YES;
				CLANG_WARN_OBJC_IMPLICIT_RETAIN_SELF = YES;
				CLANG_WARN_OBJC_LITERAL_CONVERSION = YES;
				CLANG_WARN_OBJC_ROOT_CLASS = YES_ERROR;
				CLANG_WARN_QUOTED_INCLUDE_IN_FRAMEWORK_HEADER = YES;
				CLANG_WARN_RANGE_LOOP_ANALYSIS = YES;
				CLANG_WARN_STRICT_PROTOTYPES = YES;
				CLANG_WARN_SUSPICIOUS_MOVE = YES;
				CLANG_WARN_UNGUARDED_AVAILABILITY = YES_AGGRESSIVE;
				CLANG_WARN_UNREACHABLE_CODE = YES;
				CLANG_WARN__DUPLICATE_METHOD_MATCH = YES;
				COPY_PHASE_STRIP = NO;
				DEBUG_INFORMATION_FORMAT = dwarf;
				ENABLE_STRICT_OBJC_MSGSEND = YES;
				ENABLE_TESTABILITY = YES;
				GCC_C_LANGUAGE_STANDARD = gnu11;
				GCC_DYNAMIC_NO_PIC = NO;
				GCC_NO_COMMON_BLOCKS = YES;
				GCC_OPTIMIZATION_LEVEL = 0;
				GCC_PREPROCESSOR_DEFINITIONS = (
					"DEBUG=1",
					"$(inherited)",
				);
				GCC_WARN_64_TO_32_BIT_CONVERSION = YES;
				GCC_WARN_ABOUT_RETURN_TYPE = YES_ERROR;
				GCC_WARN_UNDECLARED_SELECTOR = YES;
				GCC_WARN_UNINITIALIZED_AUTOS = YES_AGGRESSIVE;
				GCC_WARN_UNUSED_FUNCTION = YES;
				GCC_WARN_UNUSED_VARIABLE = YES;
				IPHONEOS_DEPLOYMENT_TARGET = 16.0;
				MTL_ENABLE_DEBUG_INFO = INCLUDE_SOURCE;
				MTL_FAST_MATH = YES;
				ONLY_ACTIVE_ARCH = YES;
				SDKROOT = iphoneos;
				SWIFT_ACTIVE_COMPILATION_CONDITIONS = DEBUG;
				SWIFT_OPTIMIZATION_LEVEL = "-Onone";
			};
			name = Debug;
		};
		18B3475629B9FEE3001EC17F /* Release */ = {
			isa = XCBuildConfiguration;
			buildSettings = {
				ALWAYS_SEARCH_USER_PATHS = NO;
				CLANG_ANALYZER_NONNULL = YES;
				CLANG_ANALYZER_NUMBER_OBJECT_CONVERSION = YES_AGGRESSIVE;
				CLANG_CXX_LANGUAGE_STANDARD = "gnu++20";
				CLANG_ENABLE_MODULES = YES;
				CLANG_ENABLE_OBJC_ARC = YES;
				CLANG_ENABLE_OBJC_WEAK = YES;
				CLANG_WARN_BLOCK_CAPTURE_AUTORELEASING = YES;
				CLANG_WARN_BOOL_CONVERSION = YES;
				CLANG_WARN_COMMA = YES;
				CLANG_WARN_CONSTANT_CONVERSION = YES;
				CLANG_WARN_DEPRECATED_OBJC_IMPLEMENTATIONS = YES;
				CLANG_WARN_DIRECT_OBJC_ISA_USAGE = YES_ERROR;
				CLANG_WARN_DOCUMENTATION_COMMENTS = YES;
				CLANG_WARN_EMPTY_BODY = YES;
				CLANG_WARN_ENUM_CONVERSION = YES;
				CLANG_WARN_INFINITE_RECURSION = YES;
				CLANG_WARN_INT_CONVERSION = YES;
				CLANG_WARN_NON_LITERAL_NULL_CONVERSION = YES;
				CLANG_WARN_OBJC_IMPLICIT_RETAIN_SELF = YES;
				CLANG_WARN_OBJC_LITERAL_CONVERSION = YES;
				CLANG_WARN_OBJC_ROOT_CLASS = YES_ERROR;
				CLANG_WARN_QUOTED_INCLUDE_IN_FRAMEWORK_HEADER = YES;
				CLANG_WARN_RANGE_LOOP_ANALYSIS = YES;
				CLANG_WARN_STRICT_PROTOTYPES = YES;
				CLANG_WARN_SUSPICIOUS_MOVE = YES;
				CLANG_WARN_UNGUARDED_AVAILABILITY = YES_AGGRESSIVE;
				CLANG_WARN_UNREACHABLE_CODE = YES;
				CLANG_WARN__DUPLICATE_METHOD_MATCH = YES;
				COPY_PHASE_STRIP = NO;
				DEBUG_INFORMATION_FORMAT = "dwarf-with-dsym";
				ENABLE_NS_ASSERTIONS = NO;
				ENABLE_STRICT_OBJC_MSGSEND = YES;
				GCC_C_LANGUAGE_STANDARD = gnu11;
				GCC_NO_COMMON_BLOCKS = YES;
				GCC_WARN_64_TO_32_BIT_CONVERSION = YES;
				GCC_WARN_ABOUT_RETURN_TYPE = YES_ERROR;
				GCC_WARN_UNDECLARED_SELECTOR = YES;
				GCC_WARN_UNINITIALIZED_AUTOS = YES_AGGRESSIVE;
				GCC_WARN_UNUSED_FUNCTION = YES;
				GCC_WARN_UNUSED_VARIABLE = YES;
				IPHONEOS_DEPLOYMENT_TARGET = 16.0;
				MTL_ENABLE_DEBUG_INFO = NO;
				MTL_FAST_MATH = YES;
				SDKROOT = iphoneos;
				SWIFT_COMPILATION_MODE = wholemodule;
				SWIFT_OPTIMIZATION_LEVEL = "-O";
				VALIDATE_PRODUCT = YES;
			};
			name = Release;
		};
		18B3475829B9FEE3001EC17F /* Debug */ = {
			isa = XCBuildConfiguration;
			baseConfigurationReference = B4D6CB23F3E90A2DDF764A1A /* Pods-GMapsLoc.debug.xcconfig */;
			buildSettings = {
				API_KEY = "AIzaSyBKPv89NXbA0q9R8eBhR4UY-2tu0S9rSmM";
				ASSETCATALOG_COMPILER_APPICON_NAME = AppIcon;
				ASSETCATALOG_COMPILER_GLOBAL_ACCENT_COLOR_NAME = AccentColor;
				CODE_SIGN_STYLE = Automatic;
				CURRENT_PROJECT_VERSION = 1;
				DEVELOPMENT_TEAM = 4Q42VQF5KW;
				GENERATE_INFOPLIST_FILE = YES;
				INFOPLIST_FILE = GMapsLoc/Info.plist;
				INFOPLIST_KEY_UIApplicationSupportsIndirectInputEvents = YES;
				INFOPLIST_KEY_UILaunchStoryboardName = LaunchScreen;
				INFOPLIST_KEY_UIMainStoryboardFile = Main;
				INFOPLIST_KEY_UISupportedInterfaceOrientations_iPad = "UIInterfaceOrientationPortrait UIInterfaceOrientationPortraitUpsideDown UIInterfaceOrientationLandscapeLeft UIInterfaceOrientationLandscapeRight";
				INFOPLIST_KEY_UISupportedInterfaceOrientations_iPhone = "UIInterfaceOrientationPortrait UIInterfaceOrientationLandscapeLeft UIInterfaceOrientationLandscapeRight";
				LD_RUNPATH_SEARCH_PATHS = (
					"$(inherited)",
					"@executable_path/Frameworks",
				);
				MARKETING_VERSION = 1.0;
				PRODUCT_BUNDLE_IDENTIFIER = com.gmaps.loc.GMapsLoc;
				PRODUCT_NAME = "$(TARGET_NAME)";
				SWIFT_EMIT_LOC_STRINGS = YES;
				SWIFT_VERSION = 5.0;
				TARGETED_DEVICE_FAMILY = "1,2";
			};
			name = Debug;
		};
		18B3475929B9FEE3001EC17F /* Release */ = {
			isa = XCBuildConfiguration;
			baseConfigurationReference = 32F99B3073BEEBC6F43719A9 /* Pods-GMapsLoc.release.xcconfig */;
			buildSettings = {
				API_KEY = "AIzaSyBKPv89NXbA0q9R8eBhR4UY-2tu0S9rSmM";
				ASSETCATALOG_COMPILER_APPICON_NAME = AppIcon;
				ASSETCATALOG_COMPILER_GLOBAL_ACCENT_COLOR_NAME = AccentColor;
				CODE_SIGN_STYLE = Automatic;
				CURRENT_PROJECT_VERSION = 1;
				DEVELOPMENT_TEAM = 4Q42VQF5KW;
				GENERATE_INFOPLIST_FILE = YES;
				INFOPLIST_FILE = GMapsLoc/Info.plist;
				INFOPLIST_KEY_UIApplicationSupportsIndirectInputEvents = YES;
				INFOPLIST_KEY_UILaunchStoryboardName = LaunchScreen;
				INFOPLIST_KEY_UIMainStoryboardFile = Main;
				INFOPLIST_KEY_UISupportedInterfaceOrientations_iPad = "UIInterfaceOrientationPortrait UIInterfaceOrientationPortraitUpsideDown UIInterfaceOrientationLandscapeLeft UIInterfaceOrientationLandscapeRight";
				INFOPLIST_KEY_UISupportedInterfaceOrientations_iPhone = "UIInterfaceOrientationPortrait UIInterfaceOrientationLandscapeLeft UIInterfaceOrientationLandscapeRight";
				LD_RUNPATH_SEARCH_PATHS = (
					"$(inherited)",
					"@executable_path/Frameworks",
				);
				MARKETING_VERSION = 1.0;
				PRODUCT_BUNDLE_IDENTIFIER = com.gmaps.loc.GMapsLoc;
				PRODUCT_NAME = "$(TARGET_NAME)";
				SWIFT_EMIT_LOC_STRINGS = YES;
				SWIFT_VERSION = 5.0;
				TARGETED_DEVICE_FAMILY = "1,2";
			};
			name = Release;
		};
/* End XCBuildConfiguration section */

/* Begin XCConfigurationList section */
		18B3473E29B9FEDF001EC17F /* Build configuration list for PBXProject "GMapsLoc" */ = {
			isa = XCConfigurationList;
			buildConfigurations = (
				18B3475529B9FEE3001EC17F /* Debug */,
				18B3475629B9FEE3001EC17F /* Release */,
			);
			defaultConfigurationIsVisible = 0;
			defaultConfigurationName = Release;
		};
		18B3475729B9FEE3001EC17F /* Build configuration list for PBXNativeTarget "GMapsLoc" */ = {
			isa = XCConfigurationList;
			buildConfigurations = (
				18B3475829B9FEE3001EC17F /* Debug */,
				18B3475929B9FEE3001EC17F /* Release */,
			);
			defaultConfigurationIsVisible = 0;
			defaultConfigurationName = Release;
		};
/* End XCConfigurationList section */
	};
	rootObject = 18B3473B29B9FEDF001EC17F /* Project object */;
}
